
Microsoft Visual Studio Solution File, Format Version 12.00
# Visual Studio 15
VisualStudioVersion = 15.0.28307.1259
MinimumVisualStudioVersion = 10.0.40219.1
Project("{888888A0-9F3D-457C-B088-3A5042F75D52}") = "ai_writer_demo", "ai_writer_demo\ai_writer_demo.pyproj", "{5D42707E-8A30-4734-A80E-73586454E4C0}"
EndProject
Global
	GlobalSection(SolutionConfigurationPlatforms) = preSolution
		Debug|Any CPU = Debug|Any CPU
		Release|Any CPU = Release|Any CPU
	EndGlobalSection
	GlobalSection(ProjectConfigurationPlatforms) = postSolution
		{5D42707E-8A30-4734-A80E-73586454E4C0}.Debug|Any CPU.ActiveCfg = Debug|Any CPU
		{5D42707E-8A30-4734-A80E-73586454E4C0}.Release|Any CPU.ActiveCfg = Release|Any CPU
	EndGlobalSection
	GlobalSection(SolutionProperties) = preSolution
		HideSolutionNode = FALSE
	EndGlobalSection
	GlobalSection(ExtensibilityGlobals) = postSolution
		SolutionGuid = {1100EAA7-350E-4398-B740-037B60188889}
	EndGlobalSection
EndGlobal
